{
  "name": "TestGame2",
  "version": "1.0.0",
  "lockfileVersion": 1,
  "requires": true,
  "dependencies": {
    "@rbxts/new": {
      "version": "1.0.1",
      "resolved": "https://registry.npmjs.org/@rbxts/new/-/new-1.0.1.tgz",
      "integrity": "sha512-GPxjIvy6V45HmyxNcitsNspPSKBdiTMRw7rtUpgkPxldkC6KUVpd8CHcGR8FoOYFkQPlYgDxjSx3yekqbNO+jA=="
    },
    "@rbxts/object-composer": {
      "version": "1.0.2",
      "resolved": "https://registry.npmjs.org/@rbxts/object-composer/-/object-composer-1.0.2.tgz",
      "integrity": "sha512-lBokljWFkUV+YgbpCaDxtQBVJwaVvTd69dSQq/Md63b/cWoCR4Pg8AhocrgGnsfsWIGCGcB9XoCEcohYY5p9Og==",
      "requires": {
        "@rbxts/types": "^1.0.260"
      }
    },
    "@rbxts/resources": {
      "version": "0.0.18",
      "resolved": "https://registry.npmjs.org/@rbxts/resources/-/resources-0.0.18.tgz",
      "integrity": "sha512-stpWRBzJzf9oJKrufueLbna3AfnlX4/p2w0Uk/tBPLw2wKjM/b2NhCXcNUqj8iFn3GdrlAp+i4698+iDeYjTrg==",
      "requires": {
        "@rbxts/new": "^1.0.1",
        "@rbxts/services": "^1.0.22",
        "rbx-new": "^1.0.1"
      },
      "dependencies": {
        "@rbxts/services": {
          "version": "1.0.28",
          "resolved": "https://registry.npmjs.org/@rbxts/services/-/services-1.0.28.tgz",
          "integrity": "sha512-8dcUNzkai0C6XtRTBiij8Rv0KQfveKXPeBeSaqRiCY8vOWvHUPHa43nA5NkJh1T1ljej8wgrVs5QPcYD4cSKAg=="
        }
      }
    },
    "@rbxts/services": {
      "version": "1.0.3",
      "resolved": "https://registry.npmjs.org/@rbxts/services/-/services-1.0.3.tgz",
      "integrity": "sha512-h3R7qNdfrxIuH4e6nBIOgoVifldHxPFtmp+UqhBAKBPydHpk8CKcTImjVpTCuxs34N4kyzCS5RyIZEoF9n+ymA=="
    },
    "@rbxts/t": {
      "version": "1.2.6",
      "resolved": "https://registry.npmjs.org/@rbxts/t/-/t-1.2.6.tgz",
      "integrity": "sha512-wFOpGYs0AX+u2/p9THg3pgpWzZDwsK/j7oUDpszGcpEHTjx+Sg3KzlnAakxsAwllq1nzeTLcXBi5vn8S5LxWeg==",
      "requires": {
        "@rbxts/types": "^1.0.232"
      }
    },
    "@rbxts/types": {
      "version": "1.0.317",
      "resolved": "https://registry.npmjs.org/@rbxts/types/-/types-1.0.317.tgz",
      "integrity": "sha512-uMLQwvInHer5uNx/y2GCmR1ir5tHlLVZn8exViQwogas4xtE1kq9rDhyTWYRfFHqZeJpwFg15MwSwPzIHc4uEQ=="
    },
    "rbx-new": {
      "version": "1.0.1",
      "resolved": "https://registry.npmjs.org/rbx-new/-/rbx-new-1.0.1.tgz",
      "integrity": "sha512-ad63j61R3vLPLwLLi9jGop3hUbSSkJpVk5zvbDofAMZBsLSz7280gTRoB9aM9y9HADzHCpQjizkSMj3K/4c2aA=="
    }
  }
}
